github.com/L1ndenbaum/stellarmesh-sdk/sdk/go/gateway v0.3.0 h1:+j0HLEXKdFH+fPdWvMUHJW6affebV9CKpGdasIQ+Oh4=
github.com/L1ndenbaum/stellarmesh-sdk/sdk/go/gateway v0.3.0/go.mod h1:HidEcugfLmojMAoDWeO9/a3QiUyDbJ94Rlrf9RnhI5A=
github.com/L1ndenbaum/stellarmesh-sdk/sdk/go/logging v0.2.0 h1:NjMPOX2lhX5jNMERpOORW2EyMFWrO5Lsxd0V7Tw4yDM=
github.com/L1ndenbaum/stellarmesh-sdk/sdk/go/logging v0.2.0/go.mod h1:fkTP5YWMkQtsdttZi9MMuD9vCb3k4XFcIMATtG/6qao=
