github.com/L1ndenbaum/stellarmesh-sdk/sdk/go/gateway v0.2.0 h1:6Tjmk/E0jATVmRo7aDMRrTlDYqth+Sck3BblHS/9ads=
github.com/L1ndenbaum/stellarmesh-sdk/sdk/go/gateway v0.2.0/go.mod h1:yotnLoSsm0YfZBtfWJuRJ/58kycwGfSpDxw2afHZL2o=
github.com/L1ndenbaum/stellarmesh-sdk/sdk/go/logging v0.1.0 h1:H2nqGS8zen3xZdZZQRfFjw1xitysFx5oujJqmSXjO/4=
github.com/L1ndenbaum/stellarmesh-sdk/sdk/go/logging v0.1.0/go.mod h1:fkTP5YWMkQtsdttZi9MMuD9vCb3k4XFcIMATtG/6qao=
